
Microsoft Visual Studio Solution File, Format Version 12.00
# Visual Studio Version 16
VisualStudioVersion = 16.0.31005.135
MinimumVisualStudioVersion = 10.0.40219.1
Project("{2150E333-8FDC-42A3-9474-1A3956D46DE8}") = "src", "src", "{FF892E38-0FAA-40B4-A961-E19DD5F790D5}"
EndProject
Project("{2150E333-8FDC-42A3-9474-1A3956D46DE8}") = "tests", "tests", "{191D266D-54C2-48E1-A116-CA7D468B7719}"
EndProject
Project("{2150E333-8FDC-42A3-9474-1A3956D46DE8}") = "SN.CMS.Common", "SN.CMS.Common", "{F1D568A6-9560-47B9-B7A6-301BE7A1697E}"
EndProject
Project("{2150E333-8FDC-42A3-9474-1A3956D46DE8}") = "SN.CMS.Identity", "SN.CMS.Identity", "{C2634C0E-C0FE-43FC-A4CC-81A0FA8CB4ED}"
EndProject
Project("{2150E333-8FDC-42A3-9474-1A3956D46DE8}") = "src", "src", "{DC751D76-8C2C-499E-8D0F-4063873DC82E}"
EndProject
Project("{2150E333-8FDC-42A3-9474-1A3956D46DE8}") = "tests", "tests", "{53E10B1C-7805-479D-A855-740E200E62C7}"
EndProject
Project("{9A19103F-16F7-4668-BE54-9A1E7A4F7556}") = "SN.CMS.Identity", "SN.CMS.Identity\src\SN.CMS.Identity\SN.CMS.Identity.csproj", "{FE828101-9144-4AAD-A62F-445F92A3C0F0}"
EndProject
Project("{9A19103F-16F7-4668-BE54-9A1E7A4F7556}") = "SN.CMS.Common", "SN.CMS.Common\src\SN.CMS.Common\SN.CMS.Common.csproj", "{0F134DF0-0C44-4516-A48E-191C6E6E6884}"
EndProject
Project("{FAE04EC0-301F-11D3-BF4B-00C04F79EFBC}") = "SN.CMS.Common.Tests", "SN.CMS.Common\tests\SN.CMS.Common.Tests\SN.CMS.Common.Tests.csproj", "{98C33006-E70B-4F77-A883-8F104FBC6FCE}"
EndProject
Global
	GlobalSection(SolutionConfigurationPlatforms) = preSolution
		Debug|Any CPU = Debug|Any CPU
		Debug|x64 = Debug|x64
		Debug|x86 = Debug|x86
		Release|Any CPU = Release|Any CPU
		Release|x64 = Release|x64
		Release|x86 = Release|x86
	EndGlobalSection
	GlobalSection(ProjectConfigurationPlatforms) = postSolution
		{FE828101-9144-4AAD-A62F-445F92A3C0F0}.Debug|Any CPU.ActiveCfg = Debug|Any CPU
		{FE828101-9144-4AAD-A62F-445F92A3C0F0}.Debug|Any CPU.Build.0 = Debug|Any CPU
		{FE828101-9144-4AAD-A62F-445F92A3C0F0}.Debug|x64.ActiveCfg = Debug|Any CPU
		{FE828101-9144-4AAD-A62F-445F92A3C0F0}.Debug|x64.Build.0 = Debug|Any CPU
		{FE828101-9144-4AAD-A62F-445F92A3C0F0}.Debug|x86.ActiveCfg = Debug|Any CPU
		{FE828101-9144-4AAD-A62F-445F92A3C0F0}.Debug|x86.Build.0 = Debug|Any CPU
		{FE828101-9144-4AAD-A62F-445F92A3C0F0}.Release|Any CPU.ActiveCfg = Release|Any CPU
		{FE828101-9144-4AAD-A62F-445F92A3C0F0}.Release|Any CPU.Build.0 = Release|Any CPU
		{FE828101-9144-4AAD-A62F-445F92A3C0F0}.Release|x64.ActiveCfg = Release|Any CPU
		{FE828101-9144-4AAD-A62F-445F92A3C0F0}.Release|x64.Build.0 = Release|Any CPU
		{FE828101-9144-4AAD-A62F-445F92A3C0F0}.Release|x86.ActiveCfg = Release|Any CPU
		{FE828101-9144-4AAD-A62F-445F92A3C0F0}.Release|x86.Build.0 = Release|Any CPU
		{0F134DF0-0C44-4516-A48E-191C6E6E6884}.Debug|Any CPU.ActiveCfg = Debug|Any CPU
		{0F134DF0-0C44-4516-A48E-191C6E6E6884}.Debug|Any CPU.Build.0 = Debug|Any CPU
		{0F134DF0-0C44-4516-A48E-191C6E6E6884}.Debug|x64.ActiveCfg = Debug|Any CPU
		{0F134DF0-0C44-4516-A48E-191C6E6E6884}.Debug|x64.Build.0 = Debug|Any CPU
		{0F134DF0-0C44-4516-A48E-191C6E6E6884}.Debug|x86.ActiveCfg = Debug|Any CPU
		{0F134DF0-0C44-4516-A48E-191C6E6E6884}.Debug|x86.Build.0 = Debug|Any CPU
		{0F134DF0-0C44-4516-A48E-191C6E6E6884}.Release|Any CPU.ActiveCfg = Release|Any CPU
		{0F134DF0-0C44-4516-A48E-191C6E6E6884}.Release|Any CPU.Build.0 = Release|Any CPU
		{0F134DF0-0C44-4516-A48E-191C6E6E6884}.Release|x64.ActiveCfg = Release|Any CPU
		{0F134DF0-0C44-4516-A48E-191C6E6E6884}.Release|x64.Build.0 = Release|Any CPU
		{0F134DF0-0C44-4516-A48E-191C6E6E6884}.Release|x86.ActiveCfg = Release|Any CPU
		{0F134DF0-0C44-4516-A48E-191C6E6E6884}.Release|x86.Build.0 = Release|Any CPU
		{98C33006-E70B-4F77-A883-8F104FBC6FCE}.Debug|Any CPU.ActiveCfg = Debug|Any CPU
		{98C33006-E70B-4F77-A883-8F104FBC6FCE}.Debug|Any CPU.Build.0 = Debug|Any CPU
		{98C33006-E70B-4F77-A883-8F104FBC6FCE}.Debug|x64.ActiveCfg = Debug|Any CPU
		{98C33006-E70B-4F77-A883-8F104FBC6FCE}.Debug|x64.Build.0 = Debug|Any CPU
		{98C33006-E70B-4F77-A883-8F104FBC6FCE}.Debug|x86.ActiveCfg = Debug|Any CPU
		{98C33006-E70B-4F77-A883-8F104FBC6FCE}.Debug|x86.Build.0 = Debug|Any CPU
		{98C33006-E70B-4F77-A883-8F104FBC6FCE}.Release|Any CPU.ActiveCfg = Release|Any CPU
		{98C33006-E70B-4F77-A883-8F104FBC6FCE}.Release|Any CPU.Build.0 = Release|Any CPU
		{98C33006-E70B-4F77-A883-8F104FBC6FCE}.Release|x64.ActiveCfg = Release|Any CPU
		{98C33006-E70B-4F77-A883-8F104FBC6FCE}.Release|x64.Build.0 = Release|Any CPU
		{98C33006-E70B-4F77-A883-8F104FBC6FCE}.Release|x86.ActiveCfg = Release|Any CPU
		{98C33006-E70B-4F77-A883-8F104FBC6FCE}.Release|x86.Build.0 = Release|Any CPU
	EndGlobalSection
	GlobalSection(SolutionProperties) = preSolution
		HideSolutionNode = FALSE
	EndGlobalSection
	GlobalSection(NestedProjects) = preSolution
		{FF892E38-0FAA-40B4-A961-E19DD5F790D5} = {F1D568A6-9560-47B9-B7A6-301BE7A1697E}
		{191D266D-54C2-48E1-A116-CA7D468B7719} = {F1D568A6-9560-47B9-B7A6-301BE7A1697E}
		{DC751D76-8C2C-499E-8D0F-4063873DC82E} = {C2634C0E-C0FE-43FC-A4CC-81A0FA8CB4ED}
		{53E10B1C-7805-479D-A855-740E200E62C7} = {C2634C0E-C0FE-43FC-A4CC-81A0FA8CB4ED}
		{FE828101-9144-4AAD-A62F-445F92A3C0F0} = {DC751D76-8C2C-499E-8D0F-4063873DC82E}
		{0F134DF0-0C44-4516-A48E-191C6E6E6884} = {FF892E38-0FAA-40B4-A961-E19DD5F790D5}
		{98C33006-E70B-4F77-A883-8F104FBC6FCE} = {191D266D-54C2-48E1-A116-CA7D468B7719}
	EndGlobalSection
	GlobalSection(ExtensibilityGlobals) = postSolution
		SolutionGuid = {B3547674-E769-4845-84AE-59FC426B19A4}
	EndGlobalSection
EndGlobal
